
Microsoft Visual Studio Solution File, Format Version 12.00
# Visual Studio Version 16
VisualStudioVersion = 16.0.32802.440
MinimumVisualStudioVersion = 10.0.40219.1
Project("{FAE04EC0-301F-11D3-BF4B-00C04F79EFBC}") = "Calculator", "Calculator\Calculator.csproj", "{4CA72D7C-51F8-4A7E-B350-50A188B004E0}"
EndProject
Project("{FAE04EC0-301F-11D3-BF4B-00C04F79EFBC}") = "Tests", "Tests\Tests.csproj", "{B87A3F18-D0C5-4081-BC89-C6DD6D6C9EEC}"
EndProject
Global
	GlobalSection(SolutionConfigurationPlatforms) = preSolution
		Debug|Any CPU = Debug|Any CPU
		Release|Any CPU = Release|Any CPU
	EndGlobalSection
	GlobalSection(ProjectConfigurationPlatforms) = postSolution
		{4CA72D7C-51F8-4A7E-B350-50A188B004E0}.Debug|Any CPU.ActiveCfg = Debug|Any CPU
		{4CA72D7C-51F8-4A7E-B350-50A188B004E0}.Debug|Any CPU.Build.0 = Debug|Any CPU
		{4CA72D7C-51F8-4A7E-B350-50A188B004E0}.Release|Any CPU.ActiveCfg = Release|Any CPU
		{4CA72D7C-51F8-4A7E-B350-50A188B004E0}.Release|Any CPU.Build.0 = Release|Any CPU
		{B87A3F18-D0C5-4081-BC89-C6DD6D6C9EEC}.Debug|Any CPU.ActiveCfg = Debug|Any CPU
		{B87A3F18-D0C5-4081-BC89-C6DD6D6C9EEC}.Debug|Any CPU.Build.0 = Debug|Any CPU
		{B87A3F18-D0C5-4081-BC89-C6DD6D6C9EEC}.Release|Any CPU.ActiveCfg = Release|Any CPU
		{B87A3F18-D0C5-4081-BC89-C6DD6D6C9EEC}.Release|Any CPU.Build.0 = Release|Any CPU
	EndGlobalSection
	GlobalSection(SolutionProperties) = preSolution
		HideSolutionNode = FALSE
	EndGlobalSection
	GlobalSection(ExtensibilityGlobals) = postSolution
		SolutionGuid = {A3E3331A-3541-4434-B38D-55E19D6B3C1F}
	EndGlobalSection
EndGlobal
